
Microsoft Visual Studio Solution File, Format Version 12.00
# Visual Studio 15
VisualStudioVersion = 15.0.27130.0
MinimumVisualStudioVersion = 10.0.40219.1
Project("{FAE04EC0-301F-11D3-BF4B-00C04F79EFBC}") = "Web", "Web\Web.csproj", "{A0DEF387-1A9D-466A-935E-9670AA43E090}"
EndProject
Project("{FAE04EC0-301F-11D3-BF4B-00C04F79EFBC}") = "App", "App\App.csproj", "{27C0E26B-71D1-46DA-B448-22DAB1FA56A9}"
EndProject
Project("{FAE04EC0-301F-11D3-BF4B-00C04F79EFBC}") = "Core", "Core\Core.csproj", "{E6DD04CB-7FAF-46AB-987C-679A5E7E32AB}"
EndProject
Project("{FAE04EC0-301F-11D3-BF4B-00C04F79EFBC}") = "Data", "Data\Data.csproj", "{419C152E-B776-48D6-82C6-319E9EFDC056}"
EndProject
Project("{FAE04EC0-301F-11D3-BF4B-00C04F79EFBC}") = "Test", "Test\Test.csproj", "{48F79E1C-7BE0-4F1D-9DB5-D30DAC0600EA}"
EndProject
Global
	GlobalSection(SolutionConfigurationPlatforms) = preSolution
		Debug|Any CPU = Debug|Any CPU
		Release|Any CPU = Release|Any CPU
	EndGlobalSection
	GlobalSection(ProjectConfigurationPlatforms) = postSolution
		{A0DEF387-1A9D-466A-935E-9670AA43E090}.Debug|Any CPU.ActiveCfg = Debug|Any CPU
		{A0DEF387-1A9D-466A-935E-9670AA43E090}.Debug|Any CPU.Build.0 = Debug|Any CPU
		{A0DEF387-1A9D-466A-935E-9670AA43E090}.Release|Any CPU.ActiveCfg = Release|Any CPU
		{A0DEF387-1A9D-466A-935E-9670AA43E090}.Release|Any CPU.Build.0 = Release|Any CPU
		{27C0E26B-71D1-46DA-B448-22DAB1FA56A9}.Debug|Any CPU.ActiveCfg = Debug|Any CPU
		{27C0E26B-71D1-46DA-B448-22DAB1FA56A9}.Debug|Any CPU.Build.0 = Debug|Any CPU
		{27C0E26B-71D1-46DA-B448-22DAB1FA56A9}.Release|Any CPU.ActiveCfg = Release|Any CPU
		{27C0E26B-71D1-46DA-B448-22DAB1FA56A9}.Release|Any CPU.Build.0 = Release|Any CPU
		{E6DD04CB-7FAF-46AB-987C-679A5E7E32AB}.Debug|Any CPU.ActiveCfg = Debug|Any CPU
		{E6DD04CB-7FAF-46AB-987C-679A5E7E32AB}.Debug|Any CPU.Build.0 = Debug|Any CPU
		{E6DD04CB-7FAF-46AB-987C-679A5E7E32AB}.Release|Any CPU.ActiveCfg = Release|Any CPU
		{E6DD04CB-7FAF-46AB-987C-679A5E7E32AB}.Release|Any CPU.Build.0 = Release|Any CPU
		{419C152E-B776-48D6-82C6-319E9EFDC056}.Debug|Any CPU.ActiveCfg = Debug|Any CPU
		{419C152E-B776-48D6-82C6-319E9EFDC056}.Debug|Any CPU.Build.0 = Debug|Any CPU
		{419C152E-B776-48D6-82C6-319E9EFDC056}.Release|Any CPU.ActiveCfg = Release|Any CPU
		{419C152E-B776-48D6-82C6-319E9EFDC056}.Release|Any CPU.Build.0 = Release|Any CPU
		{48F79E1C-7BE0-4F1D-9DB5-D30DAC0600EA}.Debug|Any CPU.ActiveCfg = Debug|Any CPU
		{48F79E1C-7BE0-4F1D-9DB5-D30DAC0600EA}.Debug|Any CPU.Build.0 = Debug|Any CPU
		{48F79E1C-7BE0-4F1D-9DB5-D30DAC0600EA}.Release|Any CPU.ActiveCfg = Release|Any CPU
		{48F79E1C-7BE0-4F1D-9DB5-D30DAC0600EA}.Release|Any CPU.Build.0 = Release|Any CPU
	EndGlobalSection
	GlobalSection(SolutionProperties) = preSolution
		HideSolutionNode = FALSE
	EndGlobalSection
	GlobalSection(ExtensibilityGlobals) = postSolution
		SolutionGuid = {E578BB9B-4206-45FD-9029-525F8C7ACB18}
	EndGlobalSection
EndGlobal
